
Microsoft Visual Studio Solution File, Format Version 12.00
# Visual Studio Version 17
VisualStudioVersion = 17.9.34607.119
MinimumVisualStudioVersion = 10.0.40219.1
Project("{FAE04EC0-301F-11D3-BF4B-00C04F79EFBC}") = "CurrencyConversionApi", "CurrencyConversionApi\CurrencyConversionApi.csproj", "{73000D65-8AA0-486A-9C74-83FE5037F616}"
EndProject
Project("{2150E333-8FDC-42A3-9474-1A3956D46DE8}") = "Tests", "Tests", "{F0AAF597-A40F-4AF0-A05E-AA876DD37D44}"
EndProject
Project("{FAE04EC0-301F-11D3-BF4B-00C04F79EFBC}") = "CurrencyConversionApiTest", "CurrencyConversionApiTest\CurrencyConversionApiTest\CurrencyConversionApiTest.csproj", "{EFA60040-DA80-4EA8-8642-2A2031C2BDAF}"
EndProject
Global
	GlobalSection(SolutionConfigurationPlatforms) = preSolution
		Debug|Any CPU = Debug|Any CPU
		Release|Any CPU = Release|Any CPU
	EndGlobalSection
	GlobalSection(ProjectConfigurationPlatforms) = postSolution
		{73000D65-8AA0-486A-9C74-83FE5037F616}.Debug|Any CPU.ActiveCfg = Debug|Any CPU
		{73000D65-8AA0-486A-9C74-83FE5037F616}.Debug|Any CPU.Build.0 = Debug|Any CPU
		{73000D65-8AA0-486A-9C74-83FE5037F616}.Release|Any CPU.ActiveCfg = Release|Any CPU
		{73000D65-8AA0-486A-9C74-83FE5037F616}.Release|Any CPU.Build.0 = Release|Any CPU
		{EFA60040-DA80-4EA8-8642-2A2031C2BDAF}.Debug|Any CPU.ActiveCfg = Debug|Any CPU
		{EFA60040-DA80-4EA8-8642-2A2031C2BDAF}.Debug|Any CPU.Build.0 = Debug|Any CPU
		{EFA60040-DA80-4EA8-8642-2A2031C2BDAF}.Release|Any CPU.ActiveCfg = Release|Any CPU
		{EFA60040-DA80-4EA8-8642-2A2031C2BDAF}.Release|Any CPU.Build.0 = Release|Any CPU
	EndGlobalSection
	GlobalSection(SolutionProperties) = preSolution
		HideSolutionNode = FALSE
	EndGlobalSection
	GlobalSection(NestedProjects) = preSolution
		{EFA60040-DA80-4EA8-8642-2A2031C2BDAF} = {F0AAF597-A40F-4AF0-A05E-AA876DD37D44}
	EndGlobalSection
	GlobalSection(ExtensibilityGlobals) = postSolution
		SolutionGuid = {D9295A62-6D82-4E7D-9E4A-466A83303896}
	EndGlobalSection
EndGlobal
